
Microsoft Visual Studio Solution File, Format Version 12.00
# Visual Studio Version 16
VisualStudioVersion = 16.0.28803.452
MinimumVisualStudioVersion = 10.0.40219.1
Project("{9A19103F-16F7-4668-BE54-9A1E7A4F7556}") = "Promat.Translations", "Promat.Translations\Promat.Translations.csproj", "{F1A0ECB0-64A2-4D5E-B18D-57DB02BCFD18}"
EndProject
Project("{9A19103F-16F7-4668-BE54-9A1E7A4F7556}") = "Promat.Translations.Tests.Unit", "Promat.Translations.Tests.Unit\Promat.Translations.Tests.Unit.csproj", "{79292C00-1C94-4E31-B852-BC285EE969A1}"
EndProject
Project("{9A19103F-16F7-4668-BE54-9A1E7A4F7556}") = "Promat.Translations.Tests.Integration", "Promat.Translations.Tests.Integration\Promat.Translations.Tests.Integration.csproj", "{7D3CE5EE-F8B2-4817-9AD7-47A705D988E7}"
EndProject
Global
	GlobalSection(SolutionConfigurationPlatforms) = preSolution
		Debug|Any CPU = Debug|Any CPU
		Release|Any CPU = Release|Any CPU
	EndGlobalSection
	GlobalSection(ProjectConfigurationPlatforms) = postSolution
		{F1A0ECB0-64A2-4D5E-B18D-57DB02BCFD18}.Debug|Any CPU.ActiveCfg = Debug|Any CPU
		{F1A0ECB0-64A2-4D5E-B18D-57DB02BCFD18}.Debug|Any CPU.Build.0 = Debug|Any CPU
		{F1A0ECB0-64A2-4D5E-B18D-57DB02BCFD18}.Release|Any CPU.ActiveCfg = Release|Any CPU
		{F1A0ECB0-64A2-4D5E-B18D-57DB02BCFD18}.Release|Any CPU.Build.0 = Release|Any CPU
		{79292C00-1C94-4E31-B852-BC285EE969A1}.Debug|Any CPU.ActiveCfg = Debug|Any CPU
		{79292C00-1C94-4E31-B852-BC285EE969A1}.Debug|Any CPU.Build.0 = Debug|Any CPU
		{79292C00-1C94-4E31-B852-BC285EE969A1}.Release|Any CPU.ActiveCfg = Release|Any CPU
		{79292C00-1C94-4E31-B852-BC285EE969A1}.Release|Any CPU.Build.0 = Release|Any CPU
		{7D3CE5EE-F8B2-4817-9AD7-47A705D988E7}.Debug|Any CPU.ActiveCfg = Debug|Any CPU
		{7D3CE5EE-F8B2-4817-9AD7-47A705D988E7}.Debug|Any CPU.Build.0 = Debug|Any CPU
		{7D3CE5EE-F8B2-4817-9AD7-47A705D988E7}.Release|Any CPU.ActiveCfg = Release|Any CPU
		{7D3CE5EE-F8B2-4817-9AD7-47A705D988E7}.Release|Any CPU.Build.0 = Release|Any CPU
	EndGlobalSection
	GlobalSection(SolutionProperties) = preSolution
		HideSolutionNode = FALSE
	EndGlobalSection
	GlobalSection(ExtensibilityGlobals) = postSolution
		SolutionGuid = {0F70AFC0-DCDE-4F35-BE74-456605A44786}
	EndGlobalSection
	GlobalSection(ExtensibilityGlobals) = postSolution
		SolutionGuid = {0F70AFC0-DCDE-4F35-BE74-456605A44786}
	EndGlobalSection
	GlobalSection(ExtensibilityGlobals) = postSolution
		SolutionGuid = {0F70AFC0-DCDE-4F35-BE74-456605A44786}
	EndGlobalSection
EndGlobal
